// !$*UTF8*$!
{
	archiveVersion = 1;
	classes = {
	};
	objectVersion = 46;
	objects = {

/* Begin PBXBuildFile section */
		136FC86B16E269E500104117 /* UIKit.framework in Frameworks */ = {isa = PBXBuildFile; fileRef = 136FC86A16E269E500104117 /* UIKit.framework */; };
		136FC86D16E269E500104117 /* Foundation.framework in Frameworks */ = {isa = PBXBuildFile; fileRef = 136FC86C16E269E500104117 /* Foundation.framework */; };
		136FC86F16E269E500104117 /* CoreGraphics.framework in Frameworks */ = {isa = PBXBuildFile; fileRef = 136FC86E16E269E500104117 /* CoreGraphics.framework */; };
		136FC87516E269E500104117 /* InfoPlist.strings in Resources */ = {isa = PBXBuildFile; fileRef = 136FC87316E269E500104117 /* InfoPlist.strings */; };
		136FC87716E269E500104117 /* main.m in Sources */ = {isa = PBXBuildFile; fileRef = 136FC87616E269E500104117 /* main.m */; };
		136FC87B16E269E500104117 /* AppDelegate.m in Sources */ = {isa = PBXBuildFile; fileRef = 136FC87A16E269E500104117 /* AppDelegate.m */; };
		136FC87D16E269E500104117 /* Default.png in Resources */ = {isa = PBXBuildFile; fileRef = 136FC87C16E269E500104117 /* Default.png */; };
		136FC87F16E269E500104117 /* Default@2x.png in Resources */ = {isa = PBXBuildFile; fileRef = 136FC87E16E269E500104117 /* Default@2x.png */; };
		136FC88116E269E500104117 /* Default-568h@2x.png in Resources */ = {isa = PBXBuildFile; fileRef = 136FC88016E269E500104117 /* Default-568h@2x.png */; };
		136FC88416E269E500104117 /* ViewController.m in Sources */ = {isa = PBXBuildFile; fileRef = 136FC88316E269E500104117 /* ViewController.m */; };
/* End PBXBuildFile section */

/* Begin PBXFileReference section */
		136FC86716E269E500104117 /* AutoExpandingUITextView.app */ = {isa = PBXFileReference; explicitFileType = wrapper.application; includeInIndex = 0; path = AutoExpandingUITextView.app; sourceTree = BUILT_PRODUCTS_DIR; };
		136FC86A16E269E500104117 /* UIKit.framework */ = {isa = PBXFileReference; lastKnownFileType = wrapper.framework; name = UIKit.framework; path = System/Library/Frameworks/UIKit.framework; sourceTree = SDKROOT; };
		136FC86C16E269E500104117 /* Foundation.framework */ = {isa = PBXFileReference; lastKnownFileType = wrapper.framework; name = Foundation.framework; path = System/Library/Frameworks/Foundation.framework; sourceTree = SDKROOT; };
		136FC86E16E269E500104117 /* CoreGraphics.framework */ = {isa = PBXFileReference; lastKnownFileType = wrapper.framework; name = CoreGraphics.framework; path = System/Library/Frameworks/CoreGraphics.framework; sourceTree = SDKROOT; };
		136FC87216E269E500104117 /* AutoExpandingUITextView-Info.plist */ = {isa = PBXFileReference; lastKnownFileType = text.plist.xml; path = "AutoExpandingUITextView-Info.plist"; sourceTree = "<group>"; };
		136FC87416E269E500104117 /* en */ = {isa = PBXFileReference; lastKnownFileType = text.plist.strings; name = en; path = en.lproj/InfoPlist.strings; sourceTree = "<group>"; };
		136FC87616E269E500104117 /* main.m */ = {isa = PBXFileReference; lastKnownFileType = sourcecode.c.objc; path = main.m; sourceTree = "<group>"; };
		136FC87816E269E500104117 /* AutoExpandingUITextView-Prefix.pch */ = {isa = PBXFileReference; lastKnownFileType = sourcecode.c.h; path = "AutoExpandingUITextView-Prefix.pch"; sourceTree = "<group>"; };
		136FC87916E269E500104117 /* AppDelegate.h */ = {isa = PBXFileReference; lastKnownFileType = sourcecode.c.h; path = AppDelegate.h; sourceTree = "<group>"; };
		136FC87A16E269E500104117 /* AppDelegate.m */ = {isa = PBXFileReference; lastKnownFileType = sourcecode.c.objc; path = AppDelegate.m; sourceTree = "<group>"; };
		136FC87C16E269E500104117 /* Default.png */ = {isa = PBXFileReference; lastKnownFileType = image.png; path = Default.png; sourceTree = "<group>"; };
		136FC87E16E269E500104117 /* Default@2x.png */ = {isa = PBXFileReference; lastKnownFileType = image.png; path = "Default@2x.png"; sourceTree = "<group>"; };
		136FC88016E269E500104117 /* Default-568h@2x.png */ = {isa = PBXFileReference; lastKnownFileType = image.png; path = "Default-568h@2x.png"; sourceTree = "<group>"; };
		136FC88216E269E500104117 /* ViewController.h */ = {isa = PBXFileReference; lastKnownFileType = sourcecode.c.h; path = ViewController.h; sourceTree = "<group>"; };
		136FC88316E269E500104117 /* ViewController.m */ = {isa = PBXFileReference; lastKnownFileType = sourcecode.c.objc; path = ViewController.m; sourceTree = "<group>"; };
/* End PBXFileReference section */

/* Begin PBXFrameworksBuildPhase section */
		136FC86416E269E500104117 /* Frameworks */ = {
			isa = PBXFrameworksBuildPhase;
			buildActionMask = 2147483647;
			files = (
				136FC86B16E269E500104117 /* UIKit.framework in Frameworks */,
				136FC86D16E269E500104117 /* Foundation.framework in Frameworks */,
				136FC86F16E269E500104117 /* CoreGraphics.framework in Frameworks */,
			);
			runOnlyForDeploymentPostprocessing = 0;
		};
/* End PBXFrameworksBuildPhase section */

/* Begin PBXGroup section */
		136FC85E16E269E500104117 = {
			isa = PBXGroup;
			children = (
				136FC87016E269E500104117 /* AutoExpandingUITextView */,
				136FC86916E269E500104117 /* Frameworks */,
				136FC86816E269E500104117 /* Products */,
			);
			sourceTree = "<group>";
		};
		136FC86816E269E500104117 /* Products */ = {
			isa = PBXGroup;
			children = (
				136FC86716E269E500104117 /* AutoExpandingUITextView.app */,
			);
			name = Products;
			sourceTree = "<group>";
		};
		136FC86916E269E500104117 /* Frameworks */ = {
			isa = PBXGroup;
			children = (
				136FC86A16E269E500104117 /* UIKit.framework */,
				136FC86C16E269E500104117 /* Foundation.framework */,
				136FC86E16E269E500104117 /* CoreGraphics.framework */,
			);
			name = Frameworks;
			sourceTree = "<group>";
		};
		136FC87016E269E500104117 /* AutoExpandingUITextView */ = {
			isa = PBXGroup;
			children = (
				136FC87916E269E500104117 /* AppDelegate.h */,
				136FC87A16E269E500104117 /* AppDelegate.m */,
				136FC88216E269E500104117 /* ViewController.h */,
				136FC88316E269E500104117 /* ViewController.m */,
				136FC87116E269E500104117 /* Supporting Files */,
			);
			path = AutoExpandingUITextView;
			sourceTree = "<group>";
		};
		136FC87116E269E500104117 /* Supporting Files */ = {
			isa = PBXGroup;
			children = (
				136FC87216E269E500104117 /* AutoExpandingUITextView-Info.plist */,
				136FC87316E269E500104117 /* InfoPlist.strings */,
				136FC87616E269E500104117 /* main.m */,
				136FC87816E269E500104117 /* AutoExpandingUITextView-Prefix.pch */,
				136FC87C16E269E500104117 /* Default.png */,
				136FC87E16E269E500104117 /* Default@2x.png */,
				136FC88016E269E500104117 /* Default-568h@2x.png */,
			);
			name = "Supporting Files";
			sourceTree = "<group>";
		};
/* End PBXGroup section */

/* Begin PBXNativeTarget section */
		136FC86616E269E500104117 /* AutoExpandingUITextView */ = {
			isa = PBXNativeTarget;
			buildConfigurationList = 136FC88D16E269E500104117 /* Build configuration list for PBXNativeTarget "AutoExpandingUITextView" */;
			buildPhases = (
				136FC86316E269E500104117 /* Sources */,
				136FC86416E269E500104117 /* Frameworks */,
				136FC86516E269E500104117 /* Resources */,
			);
			buildRules = (
			);
			dependencies = (
			);
			name = AutoExpandingUITextView;
			productName = AutoExpandingUITextView;
			productReference = 136FC86716E269E500104117 /* AutoExpandingUITextView.app */;
			productType = "com.apple.product-type.application";
		};
/* End PBXNativeTarget section */

/* Begin PBXProject section */
		136FC85F16E269E500104117 /* Project object */ = {
			isa = PBXProject;
			attributes = {
				LastUpgradeCheck = 0460;
				ORGANIZATIONNAME = "Steven Books";
			};
			buildConfigurationList = 136FC86216E269E500104117 /* Build configuration list for PBXProject "AutoExpandingUITextView" */;
			compatibilityVersion = "Xcode 3.2";
			developmentRegion = English;
			hasScannedForEncodings = 0;
			knownRegions = (
				en,
			);
			mainGroup = 136FC85E16E269E500104117;
			productRefGroup = 136FC86816E269E500104117 /* Products */;
			projectDirPath = "";
			projectRoot = "";
			targets = (
				136FC86616E269E500104117 /* AutoExpandingUITextView */,
			);
		};
/* End PBXProject section */

/* Begin PBXResourcesBuildPhase section */
		136FC86516E269E500104117 /* Resources */ = {
			isa = PBXResourcesBuildPhase;
			buildActionMask = 2147483647;
			files = (
				136FC87516E269E500104117 /* InfoPlist.strings in Resources */,
				136FC87D16E269E500104117 /* Default.png in Resources */,
				136FC87F16E269E500104117 /* Default@2x.png in Resources */,
				136FC88116E269E500104117 /* Default-568h@2x.png in Resources */,
			);
			runOnlyForDeploymentPostprocessing = 0;
		};
/* End PBXResourcesBuildPhase section */

/* Begin PBXSourcesBuildPhase section */
		136FC86316E269E500104117 /* Sources */ = {
			isa = PBXSourcesBuildPhase;
			buildActionMask = 2147483647;
			files = (
				136FC87716E269E500104117 /* main.m in Sources */,
				136FC87B16E269E500104117 /* AppDelegate.m in Sources */,
				136FC88416E269E500104117 /* ViewController.m in Sources */,
			);
			runOnlyForDeploymentPostprocessing = 0;
		};
/* End PBXSourcesBuildPhase section */

/* Begin PBXVariantGroup section */
		136FC87316E269E500104117 /* InfoPlist.strings */ = {
			isa = PBXVariantGroup;
			children = (
				136FC87416E269E500104117 /* en */,
			);
			name = InfoPlist.strings;
			sourceTree = "<group>";
		};
/* End PBXVariantGroup section */

/* Begin XCBuildConfiguration section */
		136FC88B16E269E500104117 /* Debug */ = {
			isa = XCBuildConfiguration;
			buildSettings = {
				ALWAYS_SEARCH_USER_PATHS = NO;
				CLANG_CXX_LANGUAGE_STANDARD = "gnu++0x";
				CLANG_CXX_LIBRARY = "libc++";
				CLANG_ENABLE_OBJC_ARC = YES;
				CLANG_WARN_CONSTANT_CONVERSION = YES;
				CLANG_WARN_EMPTY_BODY = YES;
				CLANG_WARN_ENUM_CONVERSION = YES;
				CLANG_WARN_INT_CONVERSION = YES;
				CLANG_WARN__DUPLICATE_METHOD_MATCH = YES;
				"CODE_SIGN_IDENTITY[sdk=iphoneos*]" = "iPhone Developer";
				COPY_PHASE_STRIP = NO;
				GCC_C_LANGUAGE_STANDARD = gnu99;
				GCC_DYNAMIC_NO_PIC = NO;
				GCC_OPTIMIZATION_LEVEL = 0;
				GCC_PREPROCESSOR_DEFINITIONS = (
					"DEBUG=1",
					"$(inherited)",
				);
				GCC_SYMBOLS_PRIVATE_EXTERN = NO;
				GCC_WARN_ABOUT_RETURN_TYPE = YES;
				GCC_WARN_UNINITIALIZED_AUTOS = YES;
				GCC_WARN_UNUSED_VARIABLE = YES;
				IPHONEOS_DEPLOYMENT_TARGET = 6.1;
				ONLY_ACTIVE_ARCH = YES;
				SDKROOT = iphoneos;
				TARGETED_DEVICE_FAMILY = "1,2";
			};
			name = Debug;
		};
		136FC88C16E269E500104117 /* Release */ = {
			isa = XCBuildConfiguration;
			buildSettings = {
				ALWAYS_SEARCH_USER_PATHS = NO;
				CLANG_CXX_LANGUAGE_STANDARD = "gnu++0x";
				CLANG_CXX_LIBRARY = "libc++";
				CLANG_ENABLE_OBJC_ARC = YES;
				CLANG_WARN_CONSTANT_CONVERSION = YES;
				CLANG_WARN_EMPTY_BODY = YES;
				CLANG_WARN_ENUM_CONVERSION = YES;
				CLANG_WARN_INT_CONVERSION = YES;
				CLANG_WARN__DUPLICATE_METHOD_MATCH = YES;
				"CODE_SIGN_IDENTITY[sdk=iphoneos*]" = "iPhone Developer";
				COPY_PHASE_STRIP = YES;
				GCC_C_LANGUAGE_STANDARD = gnu99;
				GCC_WARN_ABOUT_RETURN_TYPE = YES;
				GCC_WARN_UNINITIALIZED_AUTOS = YES;
				GCC_WARN_UNUSED_VARIABLE = YES;
				IPHONEOS_DEPLOYMENT_TARGET = 6.1;
				OTHER_CFLAGS = "-DNS_BLOCK_ASSERTIONS=1";
				SDKROOT = iphoneos;
				TARGETED_DEVICE_FAMILY = "1,2";
				VALIDATE_PRODUCT = YES;
			};
			name = Release;
		};
		136FC88E16E269E500104117 /* Debug */ = {
			isa = XCBuildConfiguration;
			buildSettings = {
				GCC_PRECOMPILE_PREFIX_HEADER = YES;
				GCC_PREFIX_HEADER = "AutoExpandingUITextView/AutoExpandingUITextView-Prefix.pch";
				INFOPLIST_FILE = "AutoExpandingUITextView/AutoExpandingUITextView-Info.plist";
				PRODUCT_NAME = "$(TARGET_NAME)";
				WRAPPER_EXTENSION = app;
			};
			name = Debug;
		};
		136FC88F16E269E500104117 /* Release */ = {
			isa = XCBuildConfiguration;
			buildSettings = {
				GCC_PRECOMPILE_PREFIX_HEADER = YES;
				GCC_PREFIX_HEADER = "AutoExpandingUITextView/AutoExpandingUITextView-Prefix.pch";
				INFOPLIST_FILE = "AutoExpandingUITextView/AutoExpandingUITextView-Info.plist";
				PRODUCT_NAME = "$(TARGET_NAME)";
				WRAPPER_EXTENSION = app;
			};
			name = Release;
		};
/* End XCBuildConfiguration section */

/* Begin XCConfigurationList section */
		136FC86216E269E500104117 /* Build configuration list for PBXProject "AutoExpandingUITextView" */ = {
			isa = XCConfigurationList;
			buildConfigurations = (
				136FC88B16E269E500104117 /* Debug */,
				136FC88C16E269E500104117 /* Release */,
			);
			defaultConfigurationIsVisible = 0;
			defaultConfigurationName = Release;
		};
		136FC88D16E269E500104117 /* Build configuration list for PBXNativeTarget "AutoExpandingUITextView" */ = {
			isa = XCConfigurationList;
			buildConfigurations = (
				136FC88E16E269E500104117 /* Debug */,
				136FC88F16E269E500104117 /* Release */,
			);
			defaultConfigurationIsVisible = 0;
			defaultConfigurationName = Release;
		};
/* End XCConfigurationList section */
	};
	rootObject = 136FC85F16E269E500104117 /* Project object */;
}
